{
  "nodes": {
    "flake-utils": {
      "locked": {
        "lastModified": 1637014545,
        "narHash": "sha256-26IZAc5yzlD9FlDT54io1oqG/bBoyka+FJk5guaX4x4=",
        "owner": "numtide",
        "repo": "flake-utils",
        "rev": "bba5dcc8e0b20ab664967ad83d24d64cb64ec4f4",
        "type": "github"
      },
      "original": {
        "owner": "numtide",
        "repo": "flake-utils",
        "type": "github"
      }
    },
    "nixpkgs": {
      "locked": {
        "lastModified": 1637438915,
        "narHash": "sha256-52AEFTe2J6iuRBUpv4WzyEKmhwosRYEG3lCTOEmuM90=",
        "owner": "NixOS",
        "repo": "nixpkgs",
        "rev": "3c4969b9bc5b7642b2c6c583a6734eb210e5f0f8",
        "type": "github"
      },
      "original": {
        "id": "nixpkgs",
        "type": "indirect"
      }
    },
    "pub2nix": {
      "flake": false,
      "locked": {
        "lastModified": 1594192744,
        "narHash": "sha256-pDvcXSG1Mh2BpwkqAcNDJzcupV3pIAAtZJLfkiHMAz4=",
        "owner": "paulyoung",
        "repo": "pub2nix",
        "rev": "0c7ecca590fcd1616db8c6468f799ffef36c85e9",
        "type": "github"
      },
      "original": {
        "owner": "paulyoung",
        "repo": "pub2nix",
        "type": "github"
      }
    },
    "root": {
      "inputs": {
        "flake-utils": "flake-utils",
        "nixpkgs": "nixpkgs",
        "pub2nix": "pub2nix"
      }
    }
  },
  "root": "root",
  "version": 7
}
